
Microsoft Visual Studio Solution File, Format Version 11.00
# Visual Studio 2010
Project("{F184B08F-C81C-45F6-A57F-5ABD9991F28F}") = "PPE3_WinForm", "PPE3_WinForm\PPE3_WinForm.vbproj", "{2BF47C24-78FD-4569-8A7C-0910161F3298}"
EndProject
Global
	GlobalSection(SolutionConfigurationPlatforms) = preSolution
		Debug|x86 = Debug|x86
		Release|x86 = Release|x86
	EndGlobalSection
	GlobalSection(ProjectConfigurationPlatforms) = postSolution
		{2BF47C24-78FD-4569-8A7C-0910161F3298}.Debug|x86.ActiveCfg = Debug|x86
		{2BF47C24-78FD-4569-8A7C-0910161F3298}.Debug|x86.Build.0 = Debug|x86
		{2BF47C24-78FD-4569-8A7C-0910161F3298}.Release|x86.ActiveCfg = Release|x86
		{2BF47C24-78FD-4569-8A7C-0910161F3298}.Release|x86.Build.0 = Release|x86
	EndGlobalSection
	GlobalSection(SolutionProperties) = preSolution
		HideSolutionNode = FALSE
	EndGlobalSection
EndGlobal
